
Microsoft Visual Studio Solution File, Format Version 12.00
# Visual Studio Version 16
VisualStudioVersion = 16.0.31313.79
MinimumVisualStudioVersion = 10.0.40219.1
Project("{FAE04EC0-301F-11D3-BF4B-00C04F79EFBC}") = "WindowsFormsAppHW2_3", "WindowsFormsAppHW2_3\WindowsFormsAppHW2_3.csproj", "{AD66AB8E-1923-47FE-9162-0BE2457BE2EC}"
EndProject
Global
	GlobalSection(SolutionConfigurationPlatforms) = preSolution
		Debug|Any CPU = Debug|Any CPU
		Release|Any CPU = Release|Any CPU
	EndGlobalSection
	GlobalSection(ProjectConfigurationPlatforms) = postSolution
		{AD66AB8E-1923-47FE-9162-0BE2457BE2EC}.Debug|Any CPU.ActiveCfg = Debug|Any CPU
		{AD66AB8E-1923-47FE-9162-0BE2457BE2EC}.Debug|Any CPU.Build.0 = Debug|Any CPU
		{AD66AB8E-1923-47FE-9162-0BE2457BE2EC}.Release|Any CPU.ActiveCfg = Release|Any CPU
		{AD66AB8E-1923-47FE-9162-0BE2457BE2EC}.Release|Any CPU.Build.0 = Release|Any CPU
	EndGlobalSection
	GlobalSection(SolutionProperties) = preSolution
		HideSolutionNode = FALSE
	EndGlobalSection
	GlobalSection(ExtensibilityGlobals) = postSolution
		SolutionGuid = {B730D598-B094-41E8-8982-3CD24FBB76F5}
	EndGlobalSection
EndGlobal
